{
    "version": 3,
    "terraform_version": "0.11.13",
    "serial": 16,
    "lineage": "348fef5c-fbc7-5d84-c31e-cc0e0a2a8f04",
    "modules": [
        {
            "path": [
                "root"
            ],
            "outputs": {},
            "resources": {
                "google_container_cluster.gke-cluster": {
                    "type": "google_container_cluster",
                    "depends_on": [],
                    "primary": {
                        "id": "niel-mongo-gke-terraform",
                        "attributes": {
                            "additional_zones.#": "3",
                            "additional_zones.2344402622": "europe-west1-c",
                            "additional_zones.2460454911": "europe-west1-b",
                            "additional_zones.3304925305": "europe-west1-d",
                            "addons_config.#": "1",
                            "addons_config.0.horizontal_pod_autoscaling.#": "1",
                            "addons_config.0.horizontal_pod_autoscaling.0.disabled": "false",
                            "addons_config.0.http_load_balancing.#": "0",
                            "addons_config.0.kubernetes_dashboard.#": "1",
                            "addons_config.0.kubernetes_dashboard.0.disabled": "true",
                            "addons_config.0.network_policy_config.#": "1",
                            "addons_config.0.network_policy_config.0.disabled": "true",
                            "cluster_autoscaling.#": "0",
                            "cluster_ipv4_cidr": "10.32.0.0/14",
                            "description": "",
                            "enable_kubernetes_alpha": "false",
                            "enable_legacy_abac": "false",
                            "endpoint": "34.76.87.52",
                            "id": "niel-mongo-gke-terraform",
                            "initial_node_count": "5",
                            "instance_group_urls.#": "0",
                            "ip_allocation_policy.#": "0",
                            "location": "europe-west1",
                            "logging_service": "logging.googleapis.com",
                            "maintenance_policy.#": "0",
                            "master_auth.#": "1",
                            "master_auth.0.client_certificate": "LS0tLS1CRUdJTiBDRVJUSUZJQ0FURS0tLS0tCk1JSUMyakNDQWNLZ0F3SUJBZ0lRZGNMZ2sxekxaekJIMXlka3hWQnk4VEFOQmdrcWhraUc5dzBCQVFzRkFEQXYKTVMwd0t3WURWUVFERXlRNE5ESm1PV0ZpWWkxa1ptWTVMVFJrWVRrdE9UVmxNQzB6TjJRek5UQmhaVEJoTldFdwpIaGNOTVRrd05ERXdNRGN5TlRJMldoY05NalF3TkRBNE1EY3lOVEkyV2pBUk1ROHdEUVlEVlFRREV3WmpiR2xsCmJuUXdnZ0VpTUEwR0NTcUdTSWIzRFFFQkFRVUFBNElCRHdBd2dnRUtBb0lCQVFEV1JlRUpWcnhYbGFXVGJ2c3kKRnlxN1k5RWZpYnBuWGRWR1doK2IxOUJpaks4Q2Z4ZWtiUEZoMFh6LzZhOFBZbjUvRWJtaDJwTWNzcFpQbGRKUAplRUpPTnZmRlR3MG50bXNyalg4Vm9MTHRrSzFueENMVDl0SXo4blZPODgzbkhOK1pxZ05NNUEvKzhRb21DNXUzCjZiR2F5WHRLaXJFcVh2OVVsMmU1aXBIL1FhR0FJb2lMSTR1WVdyc2hjcmhTODFoNzRsd2s5ellJREp4TG9vcTcKYllXb0lhQ0VLQjBGdGdRcjVCR1NYcDNRTnArMXhCNkNuN2g2MWNGUXUzb3duTTc4eFdKdTJwVnBVWFl6QUlsMgpwZ1lRMElFNDZ3NWkvNkhIVzlpWGJKa1doU0tzTFFBcm5yeFd2T2t6UURxSjAxMXBuWU5xZER5aEQrNWp3bHVrCnQydHhBZ01CQUFHakVEQU9NQXdHQTFVZEV3RUIvd1FDTUFBd0RRWUpLb1pJaHZjTkFRRUxCUUFEZ2dFQkFNbjIKaEU4TW1DSGhDVkVwZmZwYUViK2F5ZlkwblRQSTZQaThiN2Nra0wvMWJVQmZrUGk2bDcwSHV4VFpKM3BTd2x5awpuSE9wczRnV01oVUZHUWtHZE5EQm55V0o5OU9pa05NaUZ2NkM0UWNDTmY4Mk9lUVhkcno0Y1l0VWo4ZHU5OEpBCmNzbENwQ1g1eGlCVlpEOVVGT3NCWUpDdGJ1bHJOS095QjhDcm9IQi8wQUJMR3ZlaDJNL2FWK01CNGpOc3Jtbk0KaGM4RVl0OTBvaHV3dGd4cHZNbDBDNTJISHdOVjhLcmoyVzZSeWV2ZlJiOEYvSFlTZXFuaUJzeTMrNlRqQ3BCRApnQ2JyNjFHcjQ2NnlYTGJSRHBCM1p6ZUI1dnlpOFd0bFVHQlA3TEZHaDA3djlTMUNLbEhFS2pRWFVycW50YklmCld4N1lnMm5kNEo2QUdqek1RRHM9Ci0tLS0tRU5EIENFUlRJRklDQVRFLS0tLS0K",
                            "master_auth.0.client_certificate_config.#": "0",
                            "master_auth.0.client_key": "LS0tLS1CRUdJTiBSU0EgUFJJVkFURSBLRVktLS0tLQpNSUlFb2dJQkFBS0NBUUVBMWtYaENWYThWNVdsazI3N01oY3F1MlBSSDRtNloxM1ZSbG9mbTlmUVlveXZBbjhYCnBHenhZZEY4LyttdkQySitmeEc1b2RxVEhMS1dUNVhTVDNoQ1RqYjN4VThOSjdacks0MS9GYUN5N1pDdFo4UWkKMC9iU00vSjFUdlBONXh6Zm1hb0RUT1FQL3ZFS0pndWJ0K214bXNsN1NvcXhLbDcvVkpkbnVZcVIvMEdoZ0NLSQppeU9MbUZxN0lYSzRVdk5ZZStKY0pQYzJDQXljUzZLS3UyMkZxQ0dnaENnZEJiWUVLK1FSa2w2ZDBEYWZ0Y1FlCmdwKzRldFhCVUx0Nk1Kek8vTVZpYnRxVmFWRjJNd0NKZHFZR0VOQ0JPT3NPWXYraHgxdllsMnlaRm9VaXJDMEEKSzU2OFZyenBNMEE2aWROZGFaMkRhblE4b1EvdVk4SmJwTGRyY1FJREFRQUJBb0lCQUFRQzBnLy9GMEhoUTZmTwplVHlBem9SZmZaRjNrVm9kTXliYVkyOThsKzg1N3ZTL0FlZDlwMkpMWVRaeEsyb210a0JJU2R3WWt2UnFLMmlNCllRWkVuQWtqbFhvdUVEL0hRczVSZ2NKT1NQNWZFQ1pUNnNyOExkUHo2WTF6bWhxNUNBdE5pd2ZmY2RocEZSakEKYkhvMVJIOE1FbjJQN1huaCtWelJOeVVObXBvS21hN2JJc2pBOFVsQzBKbyt6Z0dLUEdyOGVUcDNqQW1vNis2VwphRFk2VmR5dWU4eXNoREsyaTZDcVg5eFZ2OHByNUZ3YWlIRy9SbVU3QjA1aHN1TWZCaEJuTVdYRVpzYXZUUVJ3CnhrTDdscExOWXlYMzFZRWkxTXVMQzJIbzdCQW1oUHBCby94REIxMzQxWjhweTBYRmpTVXJSTk03UHgvem9ZbUsKUlNiNkpMa0NnWUVBKzVBdW5tSkU0UzN1aWFXZzRFMzZXZlU1T3ZacmhSS2R1YzlMKzJzTW5MZVlOeXZVV0VIWAppajl3ZVhPek11K1NMbXZWRnlhd3hENzdHU29DUnJHT09qalVRN2dhVTFkZTBSRU5kdnczMm5CKzVwYm1Vem42CkdGSkVvUFpoVjVTUGc3bk9IcUEyMC9uQUNUOTM0V0k0cythR2xLcnlsL1lJUjlEcjYvODBLWmNDZ1lFQTJnMVUKZXVzVGZrMHY5UDlvU1V4MGlaUy9kRjhMNE1qK2lYRnFsN0lCdkgwY040WFY0YzVsNEN2TjRhelF5UlFnSmRWawpNRWkxNmpJS240S1VpemZnVjU1ZWJEa3IvS1hCZGR3THQwd05oYkVGVXRFaithU25KY3p2Q3R0K0NCdUJNa1pnCjZ0UjY3citiTjVoc0czcG1qWkVHcUVkMmQ2MjF5bU5NNXI5STVEY0NnWUEyQWZCZ1JJeXhJMkZRMytRNEE4VzUKeG5Idy9MSjhzVkIzY2MvSVBHVkt5QWUvNElNSUo2cVVuYVlTRFFydDVvMGx0alRiY1kwRnROZkh3VU1YMWtySQpxU2E1R3k5YnNTaEVEanNyemw1WFlVdDlTZXhNOWVlQmpUZjZycXFiV09PdXpoYzRjQUVWWlVzYk1Tc1ZramJHCk9MbXY5VHQ3OEhBNnF0bmJvc0NhSlFLQmdIUUZlYmo1a2VLM1FWZ3oraEplU3ZmVm5OVlhxV05PcnhrRXJ2bk8KTGx4VG1ZcjFmR3RzdmdvOFpJeTZ2bER2azNkdUJxUW1YQjBqeVVFOFlydDgzTExpUWsyRlVpRlpOUW40TG9lMgpRTStzOUM4dnR0dWpQNGkrZFVhcXFYRzQ2TktPWGcwMVI3LzNWYWlNUXFHUVREYnhQc0NWWGJTcVNqdEpBT2NhClNyZWJBb0dBSFEvbklUOE9FVnVtajNjbkFycThodmlJYVY5MjI5QnUvR29KcEI1dU1JeUJyUFViNTlMTkY2dHIKTEFJYlZWUlorTlZkWGF5VTE5dUZiZVVrMjlGTW02Tjg3ZGlGNzNQK0I1V2VBTW1JaWVTYm52WHdBeFpCRUFteQpEcTA4Z3lRcXFnRVNsRkNjSzFEMFZhbU5SMGo3WDFGZ3pSTW5qZkxWSDIyQjJNSTlLdlE9Ci0tLS0tRU5EIFJTQSBQUklWQVRFIEtFWS0tLS0tCg==",
                            "master_auth.0.cluster_ca_certificate": "LS0tLS1CRUdJTiBDRVJUSUZJQ0FURS0tLS0tCk1JSURDekNDQWZPZ0F3SUJBZ0lRVjNmbjdwdS92dksvS1VzSVFqUDJPREFOQmdrcWhraUc5dzBCQVFzRkFEQXYKTVMwd0t3WURWUVFERXlRNE5ESm1PV0ZpWWkxa1ptWTVMVFJrWVRrdE9UVmxNQzB6TjJRek5UQmhaVEJoTldFdwpIaGNOTVRrd05ERXdNRFl5TlRJMVdoY05NalF3TkRBNE1EY3lOVEkxV2pBdk1TMHdLd1lEVlFRREV5UTROREptCk9XRmlZaTFrWm1ZNUxUUmtZVGt0T1RWbE1DMHpOMlF6TlRCaFpUQmhOV0V3Z2dFaU1BMEdDU3FHU0liM0RRRUIKQVFVQUE0SUJEd0F3Z2dFS0FvSUJBUUQzM2gvQUw1THA1ZFNTbUhaY0E5VFY2MHBRd25ZQzdidStsVW5BQnRsWgpPUVJXd3QwWXplMUZBUEhVVzdUazREckloNU1KYlp1d0Q4a2svck5iaXpaVUlEWkcyVXNJc3pZc1RyRGpicTdTCmNLSmZWRzl0dnFMdnNTblg1RkpDdmRLN0VDbjlmVFJtWXlCNUN1MjFnNjIyLy9sK0VTNHl5U21BU1ZqRDFHS2gKaXlVTmozWDNzSkp2bkxtWGVsaTljRkxwbmFZUmZ3QStsbEpWN0FBUitFYzJ3dGI0dWRuMWwyYjM5R2tmb3FaeAo0YllraUlWbEFWNDd2R0doWE5zVk50UXF2VGs4UjJYbWJQVnc4em9WdW44Q1F5d2kzWlhzODk2L0VmWXgvYzRXCnl1S05GelVWdTJiY3czWUdaNllqQnR3UW4wYmlsd21Lc3d6UVFrckhXZVliQWdNQkFBR2pJekFoTUE0R0ExVWQKRHdFQi93UUVBd0lDQkRBUEJnTlZIUk1CQWY4RUJUQURBUUgvTUEwR0NTcUdTSWIzRFFFQkN3VUFBNElCQVFBaAp2WXJtSkozOGVpV2dnd0NqL3cwZkpDRDl6aHM3Wno2NXV3UUxVYTFLSHdmSEk1b0dhZ2JFZkk1TVpXZnBkOWp1CmhWbFA0bjFKTDdwWFFyVnBuRWhtSFVEU2c3TDNsaFVXQmIya1cvVUxzU0pZSWxSWFlNdEp2NEVUVzRtZG56YUsKajBIbFFjUXJncktWeWU4K2lJQS9EMnhjMFFEMldBNFFzaTFLck80MmVwUkxRMFFhczB3Yk0zVVRUYzdwVmFTZAp6cHIzTjZuSE1pRHU4TGlDdGt4enRQSmg1bitJdHVhbjQwNitoWE44UC90VFdrNlZzTEEwb3B2R2wvZlRuQUsyCkI4UVE3YmJSaWl2ekplODV2aDFpTXF6azhaVVVPSmw0aHpxRGl5YzJxM2JOSE83WGh6SG9XbTFZekczRWFxWnEKMTBvT3ZldUYxbStQUFR5SERvRXUKLS0tLS1FTkQgQ0VSVElGSUNBVEUtLS0tLQo=",
                            "master_auth.0.password": "7nD63Jw02isj6FNV",
                            "master_auth.0.username": "admin",
                            "master_authorized_networks_config.#": "0",
                            "master_version": "1.11.7-gke.12",
                            "monitoring_service": "monitoring.googleapis.com",
                            "name": "niel-mongo-gke-terraform",
                            "network": "projects/flowfactor/global/networks/default",
                            "network_policy.#": "1",
                            "network_policy.0.enabled": "false",
                            "network_policy.0.provider": "PROVIDER_UNSPECIFIED",
                            "node_config.#": "0",
                            "node_locations.#": "3",
                            "node_locations.2344402622": "europe-west1-c",
                            "node_locations.2460454911": "europe-west1-b",
                            "node_locations.3304925305": "europe-west1-d",
                            "node_pool.#": "0",
                            "node_version": "1.11.7-gke.12",
                            "private_cluster_config.#": "0",
                            "project": "flowfactor",
                            "region": "europe-west1",
                            "remove_default_node_pool": "true",
                            "resource_labels.%": "0",
                            "subnetwork": "projects/flowfactor/regions/europe-west1/subnetworks/default"
                        },
                        "meta": {
                            "e2bfb730-ecaa-11e6-8f88-34363bc7c4c0": {
                                "create": 1800000000000,
                                "delete": 1800000000000,
                                "update": 1800000000000
                            },
                            "schema_version": "1"
                        },
                        "tainted": false
                    },
                    "deposed": [],
                    "provider": "provider.google"
                },
                "google_container_node_pool.primary_pool": {
                    "type": "google_container_node_pool",
                    "depends_on": [
                        "google_container_cluster.gke-cluster"
                    ],
                    "primary": {
                        "id": "europe-west1/niel-mongo-gke-terraform/worklark-node-pool",
                        "attributes": {
                            "autoscaling.#": "1",
                            "autoscaling.0.max_node_count": "10",
                            "autoscaling.0.min_node_count": "5",
                            "cluster": "niel-mongo-gke-terraform",
                            "id": "europe-west1/niel-mongo-gke-terraform/worklark-node-pool",
                            "initial_node_count": "5",
                            "instance_group_urls.#": "3",
                            "instance_group_urls.0": "https://www.googleapis.com/compute/v1/projects/flowfactor/zones/europe-west1-d/instanceGroupManagers/gke-niel-mongo-gke-t-worklark-node-po-70cee441-grp",
                            "instance_group_urls.1": "https://www.googleapis.com/compute/v1/projects/flowfactor/zones/europe-west1-b/instanceGroupManagers/gke-niel-mongo-gke-t-worklark-node-po-658e5870-grp",
                            "instance_group_urls.2": "https://www.googleapis.com/compute/v1/projects/flowfactor/zones/europe-west1-c/instanceGroupManagers/gke-niel-mongo-gke-t-worklark-node-po-6203a111-grp",
                            "location": "europe-west1",
                            "management.#": "1",
                            "management.0.auto_repair": "true",
                            "management.0.auto_upgrade": "true",
                            "name": "worklark-node-pool",
                            "name_prefix": "",
                            "node_config.#": "1",
                            "node_config.0.disk_size_gb": "100",
                            "node_config.0.disk_type": "pd-standard",
                            "node_config.0.guest_accelerator.#": "0",
                            "node_config.0.image_type": "COS",
                            "node_config.0.labels.%": "0",
                            "node_config.0.local_ssd_count": "0",
                            "node_config.0.machine_type": "n1-standard-2",
                            "node_config.0.metadata.%": "0",
                            "node_config.0.min_cpu_platform": "",
                            "node_config.0.oauth_scopes.#": "2",
                            "node_config.0.oauth_scopes.1277378754": "https://www.googleapis.com/auth/monitoring",
                            "node_config.0.oauth_scopes.172152165": "https://www.googleapis.com/auth/logging.write",
                            "node_config.0.preemptible": "true",
                            "node_config.0.service_account": "default",
                            "node_config.0.tags.#": "0",
                            "node_config.0.taint.#": "0",
                            "node_config.0.workload_metadata_config.#": "0",
                            "node_count": "5",
                            "project": "flowfactor",
                            "region": "europe-west1",
                            "version": "1.11.7-gke.12"
                        },
                        "meta": {
                            "e2bfb730-ecaa-11e6-8f88-34363bc7c4c0": {
                                "create": 1800000000000,
                                "delete": 600000000000,
                                "update": 600000000000
                            },
                            "schema_version": "1"
                        },
                        "tainted": false
                    },
                    "deposed": [],
                    "provider": "provider.google"
                }
            },
            "depends_on": []
        }
    ]
}
