{
    "version": 3,
    "terraform_version": "0.11.13",
    "serial": 7,
    "lineage": "348fef5c-fbc7-5d84-c31e-cc0e0a2a8f04",
    "modules": [
        {
            "path": [
                "root"
            ],
            "outputs": {},
            "resources": {
                "google_container_cluster.gke-cluster": {
                    "type": "google_container_cluster",
                    "depends_on": [],
                    "primary": {
                        "id": "niel-mongo-gke-cluster",
                        "attributes": {
                            "additional_zones.#": "0",
                            "addons_config.#": "1",
                            "addons_config.0.horizontal_pod_autoscaling.#": "0",
                            "addons_config.0.http_load_balancing.#": "0",
                            "addons_config.0.kubernetes_dashboard.#": "1",
                            "addons_config.0.kubernetes_dashboard.0.disabled": "true",
                            "addons_config.0.network_policy_config.#": "1",
                            "addons_config.0.network_policy_config.0.disabled": "true",
                            "cluster_autoscaling.#": "0",
                            "cluster_ipv4_cidr": "10.4.0.0/14",
                            "description": "",
                            "enable_kubernetes_alpha": "false",
                            "enable_legacy_abac": "false",
                            "endpoint": "34.76.206.144",
                            "id": "niel-mongo-gke-cluster",
                            "initial_node_count": "5",
                            "instance_group_urls.#": "1",
                            "instance_group_urls.0": "https://www.googleapis.com/compute/v1/projects/flowfactor/zones/europe-west1-b/instanceGroups/gke-niel-mongo-gke-clust-default-pool-88b0281e-grp",
                            "ip_allocation_policy.#": "0",
                            "location": "europe-west1-b",
                            "logging_service": "logging.googleapis.com",
                            "maintenance_policy.#": "0",
                            "master_auth.#": "1",
                            "master_auth.0.client_certificate": "LS0tLS1CRUdJTiBDRVJUSUZJQ0FURS0tLS0tCk1JSUMyekNDQWNPZ0F3SUJBZ0lSQUk2MkZNcGN5STlQSGhRWWIvdmsvSkF3RFFZSktvWklodmNOQVFFTEJRQXcKTHpFdE1Dc0dBMVVFQXhNa1pXSmhZekF3TnpFdFlqRm1OQzAwWVdabUxXSTVNVEl0WVRFNFlUY3haREEzWVRaaQpNQjRYRFRFNU1EUXdPREEzTXpBMU5Gb1hEVEkwTURRd05qQTNNekExTkZvd0VURVBNQTBHQTFVRUF4TUdZMnhwClpXNTBNSUlCSWpBTkJna3Foa2lHOXcwQkFRRUZBQU9DQVE4QU1JSUJDZ0tDQVFFQW9sZWRJNVpCM1FvT0dTLzUKMFpudmp0SVR2MnJPNVRxTUdqbXUvWEJVK05KRkRUdm5wMU41dGM5WTBLV3F5eTdFV2YvYkRCdzJsSUNISWIrMgpJdmJ1aU1DS0xvUUh5bG4rRys3eERnYTIxQktheUdkV1VrY2p1Z1A5Y3VCanlkUVVURllHc0NaMlBKUGpWZWc2CmQ3czN6bDJmT0pqR1VXZEc0UW56MnZ1dU8xZWFoTUdVY2tvd1NkZXNrL3ROTURkSFhMM2haZ0RLMzhiOGN3dFcKTDlEV093OHA4eXdIbDJXQmRmSThKR044MllQU1Y2WFR1MjdPSldtaEVVNUU0SWRhV3JzWXFYdm9wMFo4VEVpOQppdmwwYUJpeTVsZWlWUlRuRFlPREZrSm1WbHdES1FvMHVMV2VwY0xSeis2Z0NjZGdDZHBZRmNGVVltTG5zTkdkClQ2OTRUd0lEQVFBQm94QXdEakFNQmdOVkhSTUJBZjhFQWpBQU1BMEdDU3FHU0liM0RRRUJDd1VBQTRJQkFRQ3EKcEF2ZVAxbWwrR3cyYUtkbGlXYjhmYU5ENDMxdmNmZ2hvWkRvWHpqWVA2eGxYRlViL0F4alhhNmZ4TEkrWjVHMwpTV1VSMmJwRFYwZHJOSFNMY2p3QjFUdmVhdGpvR0tsbld4UGhnZVZjZzBrYmxtZlNYTHNTZlFiY2VEVmRRNFZzCjluRSt2ZFgrWTV5Mk93YjFNejlVTHF1aXpTUnF6U045NkJHN0VxWHhaa3ljZ1ZIWG1xK0U1RHI3YlA0QTFQbXMKUVN1S1FaZVpyak11QWFCZ1E4VXBTc2h2Mnc0ak8xOHMvUmE5K3RuM0VCelc4ZEhxQTdWdkZlRzk2b0t0bHV2SAoyV25sWElFTkVGc0MxTG9nbklVd0xTYUd5RzJiRS9xa1Z2VlIvSXB6L1JMRVpyUVROQ2lUd1JpemdLRlNZaGlmClY1bVc2S1dmU2FpVE9xYWtLc2Z0Ci0tLS0tRU5EIENFUlRJRklDQVRFLS0tLS0K",
                            "master_auth.0.client_certificate_config.#": "0",
                            "master_auth.0.client_key": "LS0tLS1CRUdJTiBSU0EgUFJJVkFURSBLRVktLS0tLQpNSUlFcEFJQkFBS0NBUUVBb2xlZEk1WkIzUW9PR1MvNTBabnZqdElUdjJyTzVUcU1Ham11L1hCVStOSkZEVHZuCnAxTjV0YzlZMEtXcXl5N0VXZi9iREJ3MmxJQ0hJYisySXZidWlNQ0tMb1FIeWxuK0crN3hEZ2EyMUJLYXlHZFcKVWtjanVnUDljdUJqeWRRVVRGWUdzQ1oyUEpQalZlZzZkN3MzemwyZk9KakdVV2RHNFFuejJ2dXVPMWVhaE1HVQpja293U2Rlc2svdE5NRGRIWEwzaFpnREszOGI4Y3d0V0w5RFdPdzhwOHl3SGwyV0JkZkk4SkdOODJZUFNWNlhUCnUyN09KV21oRVU1RTRJZGFXcnNZcVh2b3AwWjhURWk5aXZsMGFCaXk1bGVpVlJUbkRZT0RGa0ptVmx3REtRbzAKdUxXZXBjTFJ6KzZnQ2NkZ0NkcFlGY0ZVWW1MbnNOR2RUNjk0VHdJREFRQUJBb0lCQUVwR1hLcGFCbE5iMU54NApRMHUvS3NnRTNLMGc4SDBYWHQ5bTBlVzVuZDdqMFZ6L01mc3Y2WWtoejBoUzY4UWZadzJvVG0rSmZ2MU5tc1g1Cm9ScjVNR1NYOXdEV1BudzUxVld4YWsrWkNkQVluUUdncWZGbUEvWUkrazR6Vk9TVUtCOU80cXQ0UlhOczFEL0wKU3VqWjJ1d0xrSndENWdSN2hJWFVtR0h4OGFMTE5PSTlhakcyRkdFc1owNzE2aDhpUUR2ZnRqdm5Hdlh4cytxZgovUWJtcGhHaFF6bmJhc3JPSzBpendPNnA2STl0MmFzOFJEQlE1MUFFdVFQZ0kyWWFKWmJnbEdoNlpYYUpvUmtsCkYyVWwzVGZPdmJzaVlmMUV0VzRtQnBuVUZEMXBkUCs2Z2RtU2dXRUowd3d4TWJGc0dQdUU1VTZRVDBYT2JYL3QKcFY1OC83VUNnWUVBenRBVkhKeG80cUFPRnowN0lCeUxrL3pVRHZZbytOR1B0bFkvWXpSR1hXQ1VPRlRkdHpXOApzRHpZMU5rdHllWGFzclZYYTJRSzZsM2Q5Vm9HRHkyREhiYWFiMXNFMnFJTjhSck5mOGNrRXNndkppSmtpN0thCnU4NjdkaG93djdJaTJPN3VRLy9WalFNSDcwRGtCV3pSMFpiTGNLSkgrdFlLcnhXSFRQc2M0Vk1DZ1lFQXlQUHEKSEhha3UwZ01sNDBpWEFSV2gzNXRmNnpmU2JkRENTclNHNXNxVkN4RHhpNThZTXd6eVE3TFhQTjF6cHBJdGRNegoxcm1rU3d0T0d0UmZoUTBoemtQVU5CTUJiMTVLUkZUNXVCVk1hRDFzN2FnMnR2OXlna1dOWUpEdWVIZ3QvbnQyCkZNYkJMZ1BHM2ZLL1ZoQUZHSkJFVW0zcU9vMExBZVhoQ1Y0bEFaVUNnWUJVL3FPT2pLRjJjZjBZZyt1bXVOU00KVDEzL2dCODZreldTNUVOTXpCRVhFemdYSnBtd1QvOXFGcmV1VWt0RkxKZ0MxaEJGYkdvb0E4ZlNxOXJOcGhDNgp4MjhVMEwxZjlUWHhudWhSMlUvMEFCMlFlSllGNjdNMytEQ0d5eUM1eDhZV2phdVNlclFUTGVtMjVGNVI5SFVPCnhBQjhHOVdsT3c1TkFuWUdwelVwVFFLQmdRQ09uNTkvU0MydXhubzViZS8vQXcwdTZXcHAvWllVeWI4SVdKMzYKL2V2VEJmK3NQdjREN2FxcmZwYVRpREFLekxIaWF0NFYvbmcrMHUxQ1dZelo3L0lZWlVmTkZkZ2s1UFVzL21xbQpYbWQyYkhKTlV1QlNqWWNHTXJzZTJINklmak9XdEtXZ0pWaWlnZ2U1S3pybHFFVVZvLzc1eWcwK05UQ2t6alVqCjR1Kzg2UUtCZ1FDZEYrSE9aenBZMUNuMlg0a1p0QVpIRENSdkhWbERScklqb1R2cnY2V0xHMS83Y0kxVGpMNjAKc0wyT0Z3cUJKRDkzV0pyRm8yVWhjeW11b3NNeXpjVllaMjdVWnJ2ZC9USCswZnBFeE8yMVhDTWFwWnRzVk00VwpodElKNXFyRjV5OFJQOGFtVnNucElPUUNnQnhvVFc5aFlVaHFSWWtWTWQ3R3Fnc2ZpcC9la0E9PQotLS0tLUVORCBSU0EgUFJJVkFURSBLRVktLS0tLQo=",
                            "master_auth.0.cluster_ca_certificate": "LS0tLS1CRUdJTiBDRVJUSUZJQ0FURS0tLS0tCk1JSURDekNDQWZPZ0F3SUJBZ0lRVng3ZWFmOHluQmlhRC9mWFpPZzR4ekFOQmdrcWhraUc5dzBCQVFzRkFEQXYKTVMwd0t3WURWUVFERXlSbFltRmpNREEzTVMxaU1XWTBMVFJoWm1ZdFlqa3hNaTFoTVRoaE56RmtNRGRoTm1JdwpIaGNOTVRrd05EQTRNRFl6TURVeldoY05NalF3TkRBMk1EY3pNRFV6V2pBdk1TMHdLd1lEVlFRREV5UmxZbUZqCk1EQTNNUzFpTVdZMExUUmhabVl0WWpreE1pMWhNVGhoTnpGa01EZGhObUl3Z2dFaU1BMEdDU3FHU0liM0RRRUIKQVFVQUE0SUJEd0F3Z2dFS0FvSUJBUUROWS96eklJQUZLWkpHVE0rZFgxMm56a2EvaTVsZzZBZm1uMjlRbnU2UApPNnNxaHV0alFZS1ZZMTJQUUMyaXJ4Y0V4VkVyMjM5enk2eXhMa3dIclRHOVlBenNIbDEwMWNhQTZJYTlQTVkxCjFPSEIyc2dZMmpQSmlrYnBLTEFOQ2ZPTzBiQ1EyQ25TWGk2eU8raTQybGJFUHJFM05KejBPbnVQYU9OT0xOWmEKYnN1ZndwRkJLQ2tiUkN3bTdiTzlpdGxOY0gzLzVoSXJoY21MMTl4MWlreVJwK2srMWtDOXRBVUVzMGdSWjhwcApEVkR3QXVrMEFicmxvWGlkeDRCcmhkYkVJMHJpMkNWa1Rxcy9yeHJiWlJwZWRFa2ZxdklIWmxtR0Q5RDgrTFFGCkdrNmx3MEkyKzNsMm1RNUpMMVdkQklmc0pOdmc1ZXFsb3VLcU55OTc5cFVqQWdNQkFBR2pJekFoTUE0R0ExVWQKRHdFQi93UUVBd0lDQkRBUEJnTlZIUk1CQWY4RUJUQURBUUgvTUEwR0NTcUdTSWIzRFFFQkN3VUFBNElCQVFCUQpJUnFUcWRmQnVQR1AyTnYrVmJmSWtjOHF3WTZCQjl5R2IzM1QySUF5QXQzejljdjFLU2duVzBuaWlEMTBUZVBuCmNNd0lhT0R4NzBBQWI2M3I1bk0rS2d4bldwYWJ6eVNEVzFKK2lqVjFBNlNXbUtuckpBaHd1Y0hqYUFFa3VZdGoKdFpMdGhTNHNVenlFT3RCajR2TVVRd1pmbndKNVJOUGhPQVFVQkRVQWYzcjJUNHZNSHZRRTI4RFd1VG41MHhGeAoyV2NQazEyaWpFUVNkUmMxM0FoUVEwUll6TTIvTWVVL0ZPZXlCSGlpUHhEaTUyNHpqeGgzcy9JZzhxNVp1aFZQCmdCTTU1bUJiRWliMStWU0Y1THZFWTF1czh6TDRKQ3dYdmZDM096L1k1UVJrVkFHS2dvWmV5Wnhta0tJTnlDZzUKYmMyN1BwRi9XUk5UN3dkQkg1S0EKLS0tLS1FTkQgQ0VSVElGSUNBVEUtLS0tLQo=",
                            "master_auth.0.password": "xUEfKEH7krXkx0Tt",
                            "master_auth.0.username": "admin",
                            "master_authorized_networks_config.#": "0",
                            "master_version": "1.11.7-gke.12",
                            "monitoring_service": "monitoring.googleapis.com",
                            "name": "niel-mongo-gke-cluster",
                            "network": "projects/flowfactor/global/networks/default",
                            "network_policy.#": "1",
                            "network_policy.0.enabled": "false",
                            "network_policy.0.provider": "PROVIDER_UNSPECIFIED",
                            "node_config.#": "1",
                            "node_config.0.disk_size_gb": "100",
                            "node_config.0.disk_type": "pd-standard",
                            "node_config.0.guest_accelerator.#": "0",
                            "node_config.0.image_type": "COS",
                            "node_config.0.labels.%": "0",
                            "node_config.0.local_ssd_count": "0",
                            "node_config.0.machine_type": "n1-standard-2",
                            "node_config.0.metadata.%": "0",
                            "node_config.0.min_cpu_platform": "",
                            "node_config.0.oauth_scopes.#": "2",
                            "node_config.0.oauth_scopes.1277378754": "https://www.googleapis.com/auth/monitoring",
                            "node_config.0.oauth_scopes.172152165": "https://www.googleapis.com/auth/logging.write",
                            "node_config.0.preemptible": "true",
                            "node_config.0.service_account": "default",
                            "node_config.0.tags.#": "0",
                            "node_config.0.taint.#": "0",
                            "node_config.0.workload_metadata_config.#": "0",
                            "node_locations.#": "0",
                            "node_pool.#": "1",
                            "node_pool.0.autoscaling.#": "0",
                            "node_pool.0.initial_node_count": "5",
                            "node_pool.0.instance_group_urls.#": "1",
                            "node_pool.0.instance_group_urls.0": "https://www.googleapis.com/compute/v1/projects/flowfactor/zones/europe-west1-b/instanceGroupManagers/gke-niel-mongo-gke-clust-default-pool-88b0281e-grp",
                            "node_pool.0.management.#": "1",
                            "node_pool.0.management.0.auto_repair": "false",
                            "node_pool.0.management.0.auto_upgrade": "false",
                            "node_pool.0.max_pods_per_node": "0",
                            "node_pool.0.name": "default-pool",
                            "node_pool.0.name_prefix": "",
                            "node_pool.0.node_config.#": "1",
                            "node_pool.0.node_config.0.disk_size_gb": "100",
                            "node_pool.0.node_config.0.disk_type": "pd-standard",
                            "node_pool.0.node_config.0.guest_accelerator.#": "0",
                            "node_pool.0.node_config.0.image_type": "COS",
                            "node_pool.0.node_config.0.labels.%": "0",
                            "node_pool.0.node_config.0.local_ssd_count": "0",
                            "node_pool.0.node_config.0.machine_type": "n1-standard-2",
                            "node_pool.0.node_config.0.metadata.%": "0",
                            "node_pool.0.node_config.0.min_cpu_platform": "",
                            "node_pool.0.node_config.0.oauth_scopes.#": "2",
                            "node_pool.0.node_config.0.oauth_scopes.1277378754": "https://www.googleapis.com/auth/monitoring",
                            "node_pool.0.node_config.0.oauth_scopes.172152165": "https://www.googleapis.com/auth/logging.write",
                            "node_pool.0.node_config.0.preemptible": "true",
                            "node_pool.0.node_config.0.service_account": "default",
                            "node_pool.0.node_config.0.tags.#": "0",
                            "node_pool.0.node_config.0.taint.#": "0",
                            "node_pool.0.node_config.0.workload_metadata_config.#": "0",
                            "node_pool.0.node_count": "5",
                            "node_pool.0.version": "1.11.7-gke.12",
                            "node_version": "1.11.7-gke.12",
                            "private_cluster_config.#": "0",
                            "project": "flowfactor",
                            "resource_labels.%": "0",
                            "subnetwork": "projects/flowfactor/regions/europe-west1/subnetworks/default",
                            "zone": "europe-west1-b"
                        },
                        "meta": {
                            "e2bfb730-ecaa-11e6-8f88-34363bc7c4c0": {
                                "create": 1800000000000,
                                "delete": 1800000000000,
                                "update": 1800000000000
                            },
                            "schema_version": "1"
                        },
                        "tainted": false
                    },
                    "deposed": [],
                    "provider": "provider.google"
                }
            },
            "depends_on": []
        }
    ]
}
